// !$*UTF8*$!
{
	archiveVersion = 1;
	classes = {
	};
	objectVersion = 46;
	objects = {

/* Begin PBXBuildFile section */
		6D2453491E02B8910087B855 /* iosProjectCommon.h in Headers */ = {isa = PBXBuildFile; fileRef = 6D2453481E02B8910087B855 /* iosProjectCommon.h */; settings = {ATTRIBUTES = (Public, ); }; };
		6D2453501E02B8910087B855 /* iosProjectCommon.framework in Frameworks */ = {isa = PBXBuildFile; fileRef = 6D2453451E02B8910087B855 /* iosProjectCommon.framework */; };
		6D2453551E02B8910087B855 /* iosProjectCommonTests.swift in Sources */ = {isa = PBXBuildFile; fileRef = 6D2453541E02B8910087B855 /* iosProjectCommonTests.swift */; };
		6D24536C1E02BE940087B855 /* LoginStoryboard.storyboard in Resources */ = {isa = PBXBuildFile; fileRef = 6D24536B1E02BE940087B855 /* LoginStoryboard.storyboard */; };
		6D24536E1E02C0E90087B855 /* LoginViewController.swift in Sources */ = {isa = PBXBuildFile; fileRef = 6D24536D1E02C0E90087B855 /* LoginViewController.swift */; };
/* End PBXBuildFile section */

/* Begin PBXContainerItemProxy section */
		6D2453511E02B8910087B855 /* PBXContainerItemProxy */ = {
			isa = PBXContainerItemProxy;
			containerPortal = 6D24533C1E02B8910087B855 /* Project object */;
			proxyType = 1;
			remoteGlobalIDString = 6D2453441E02B8910087B855;
			remoteInfo = iosProjectCommon;
		};
/* End PBXContainerItemProxy section */

/* Begin PBXFileReference section */
		6D2453451E02B8910087B855 /* iosProjectCommon.framework */ = {isa = PBXFileReference; explicitFileType = wrapper.framework; includeInIndex = 0; path = iosProjectCommon.framework; sourceTree = BUILT_PRODUCTS_DIR; };
		6D2453481E02B8910087B855 /* iosProjectCommon.h */ = {isa = PBXFileReference; lastKnownFileType = sourcecode.c.h; path = iosProjectCommon.h; sourceTree = "<group>"; };
		6D24534A1E02B8910087B855 /* Info.plist */ = {isa = PBXFileReference; lastKnownFileType = text.plist.xml; path = Info.plist; sourceTree = "<group>"; };
		6D24534F1E02B8910087B855 /* iosProjectCommonTests.xctest */ = {isa = PBXFileReference; explicitFileType = wrapper.cfbundle; includeInIndex = 0; path = iosProjectCommonTests.xctest; sourceTree = BUILT_PRODUCTS_DIR; };
		6D2453541E02B8910087B855 /* iosProjectCommonTests.swift */ = {isa = PBXFileReference; lastKnownFileType = sourcecode.swift; path = iosProjectCommonTests.swift; sourceTree = "<group>"; };
		6D2453561E02B8920087B855 /* Info.plist */ = {isa = PBXFileReference; lastKnownFileType = text.plist.xml; path = Info.plist; sourceTree = "<group>"; };
		6D24536B1E02BE940087B855 /* LoginStoryboard.storyboard */ = {isa = PBXFileReference; fileEncoding = 4; lastKnownFileType = file.storyboard; name = LoginStoryboard.storyboard; path = ../LoginStoryboard.storyboard; sourceTree = "<group>"; };
		6D24536D1E02C0E90087B855 /* LoginViewController.swift */ = {isa = PBXFileReference; fileEncoding = 4; lastKnownFileType = sourcecode.swift; path = LoginViewController.swift; sourceTree = "<group>"; };
/* End PBXFileReference section */

/* Begin PBXFrameworksBuildPhase section */
		6D2453411E02B8910087B855 /* Frameworks */ = {
			isa = PBXFrameworksBuildPhase;
			buildActionMask = 2147483647;
			files = (
			);
			runOnlyForDeploymentPostprocessing = 0;
		};
		6D24534C1E02B8910087B855 /* Frameworks */ = {
			isa = PBXFrameworksBuildPhase;
			buildActionMask = 2147483647;
			files = (
				6D2453501E02B8910087B855 /* iosProjectCommon.framework in Frameworks */,
			);
			runOnlyForDeploymentPostprocessing = 0;
		};
/* End PBXFrameworksBuildPhase section */

/* Begin PBXGroup section */
		6D24533B1E02B8910087B855 = {
			isa = PBXGroup;
			children = (
				6D2453471E02B8910087B855 /* iosProjectCommon */,
				6D2453531E02B8910087B855 /* iosProjectCommonTests */,
				6D2453461E02B8910087B855 /* Products */,
			);
			sourceTree = "<group>";
		};
		6D2453461E02B8910087B855 /* Products */ = {
			isa = PBXGroup;
			children = (
				6D2453451E02B8910087B855 /* iosProjectCommon.framework */,
				6D24534F1E02B8910087B855 /* iosProjectCommonTests.xctest */,
			);
			name = Products;
			sourceTree = "<group>";
		};
		6D2453471E02B8910087B855 /* iosProjectCommon */ = {
			isa = PBXGroup;
			children = (
				6D24536B1E02BE940087B855 /* LoginStoryboard.storyboard */,
				6D2453481E02B8910087B855 /* iosProjectCommon.h */,
				6D24534A1E02B8910087B855 /* Info.plist */,
				6D24536D1E02C0E90087B855 /* LoginViewController.swift */,
			);
			path = iosProjectCommon;
			sourceTree = "<group>";
		};
		6D2453531E02B8910087B855 /* iosProjectCommonTests */ = {
			isa = PBXGroup;
			children = (
				6D2453541E02B8910087B855 /* iosProjectCommonTests.swift */,
				6D2453561E02B8920087B855 /* Info.plist */,
			);
			path = iosProjectCommonTests;
			sourceTree = "<group>";
		};
/* End PBXGroup section */

/* Begin PBXHeadersBuildPhase section */
		6D2453421E02B8910087B855 /* Headers */ = {
			isa = PBXHeadersBuildPhase;
			buildActionMask = 2147483647;
			files = (
				6D2453491E02B8910087B855 /* iosProjectCommon.h in Headers */,
			);
			runOnlyForDeploymentPostprocessing = 0;
		};
/* End PBXHeadersBuildPhase section */

/* Begin PBXNativeTarget section */
		6D2453441E02B8910087B855 /* iosProjectCommon */ = {
			isa = PBXNativeTarget;
			buildConfigurationList = 6D2453591E02B8920087B855 /* Build configuration list for PBXNativeTarget "iosProjectCommon" */;
			buildPhases = (
				6D2453401E02B8910087B855 /* Sources */,
				6D2453411E02B8910087B855 /* Frameworks */,
				6D2453421E02B8910087B855 /* Headers */,
				6D2453431E02B8910087B855 /* Resources */,
			);
			buildRules = (
			);
			dependencies = (
			);
			name = iosProjectCommon;
			productName = iosProjectCommon;
			productReference = 6D2453451E02B8910087B855 /* iosProjectCommon.framework */;
			productType = "com.apple.product-type.framework";
		};
		6D24534E1E02B8910087B855 /* iosProjectCommonTests */ = {
			isa = PBXNativeTarget;
			buildConfigurationList = 6D24535C1E02B8920087B855 /* Build configuration list for PBXNativeTarget "iosProjectCommonTests" */;
			buildPhases = (
				6D24534B1E02B8910087B855 /* Sources */,
				6D24534C1E02B8910087B855 /* Frameworks */,
				6D24534D1E02B8910087B855 /* Resources */,
			);
			buildRules = (
			);
			dependencies = (
				6D2453521E02B8910087B855 /* PBXTargetDependency */,
			);
			name = iosProjectCommonTests;
			productName = iosProjectCommonTests;
			productReference = 6D24534F1E02B8910087B855 /* iosProjectCommonTests.xctest */;
			productType = "com.apple.product-type.bundle.unit-test";
		};
/* End PBXNativeTarget section */

/* Begin PBXProject section */
		6D24533C1E02B8910087B855 /* Project object */ = {
			isa = PBXProject;
			attributes = {
				LastSwiftUpdateCheck = 0730;
				LastUpgradeCheck = 0730;
				ORGANIZATIONNAME = "Maksym Demin";
				TargetAttributes = {
					6D2453441E02B8910087B855 = {
						CreatedOnToolsVersion = 7.3.1;
					};
					6D24534E1E02B8910087B855 = {
						CreatedOnToolsVersion = 7.3.1;
					};
				};
			};
			buildConfigurationList = 6D24533F1E02B8910087B855 /* Build configuration list for PBXProject "iosProjectCommon" */;
			compatibilityVersion = "Xcode 3.2";
			developmentRegion = English;
			hasScannedForEncodings = 0;
			knownRegions = (
				en,
			);
			mainGroup = 6D24533B1E02B8910087B855;
			productRefGroup = 6D2453461E02B8910087B855 /* Products */;
			projectDirPath = "";
			projectRoot = "";
			targets = (
				6D2453441E02B8910087B855 /* iosProjectCommon */,
				6D24534E1E02B8910087B855 /* iosProjectCommonTests */,
			);
		};
/* End PBXProject section */

/* Begin PBXResourcesBuildPhase section */
		6D2453431E02B8910087B855 /* Resources */ = {
			isa = PBXResourcesBuildPhase;
			buildActionMask = 2147483647;
			files = (
				6D24536C1E02BE940087B855 /* LoginStoryboard.storyboard in Resources */,
			);
			runOnlyForDeploymentPostprocessing = 0;
		};
		6D24534D1E02B8910087B855 /* Resources */ = {
			isa = PBXResourcesBuildPhase;
			buildActionMask = 2147483647;
			files = (
			);
			runOnlyForDeploymentPostprocessing = 0;
		};
/* End PBXResourcesBuildPhase section */

/* Begin PBXSourcesBuildPhase section */
		6D2453401E02B8910087B855 /* Sources */ = {
			isa = PBXSourcesBuildPhase;
			buildActionMask = 2147483647;
			files = (
				6D24536E1E02C0E90087B855 /* LoginViewController.swift in Sources */,
			);
			runOnlyForDeploymentPostprocessing = 0;
		};
		6D24534B1E02B8910087B855 /* Sources */ = {
			isa = PBXSourcesBuildPhase;
			buildActionMask = 2147483647;
			files = (
				6D2453551E02B8910087B855 /* iosProjectCommonTests.swift in Sources */,
			);
			runOnlyForDeploymentPostprocessing = 0;
		};
/* End PBXSourcesBuildPhase section */

/* Begin PBXTargetDependency section */
		6D2453521E02B8910087B855 /* PBXTargetDependency */ = {
			isa = PBXTargetDependency;
			target = 6D2453441E02B8910087B855 /* iosProjectCommon */;
			targetProxy = 6D2453511E02B8910087B855 /* PBXContainerItemProxy */;
		};
/* End PBXTargetDependency section */

/* Begin XCBuildConfiguration section */
		6D2453571E02B8920087B855 /* Debug */ = {
			isa = XCBuildConfiguration;
			buildSettings = {
				ALWAYS_SEARCH_USER_PATHS = NO;
				CLANG_ANALYZER_NONNULL = YES;
				CLANG_CXX_LANGUAGE_STANDARD = "gnu++0x";
				CLANG_CXX_LIBRARY = "libc++";
				CLANG_ENABLE_MODULES = YES;
				CLANG_ENABLE_OBJC_ARC = YES;
				CLANG_WARN_BOOL_CONVERSION = YES;
				CLANG_WARN_CONSTANT_CONVERSION = YES;
				CLANG_WARN_DIRECT_OBJC_ISA_USAGE = YES_ERROR;
				CLANG_WARN_EMPTY_BODY = YES;
				CLANG_WARN_ENUM_CONVERSION = YES;
				CLANG_WARN_INT_CONVERSION = YES;
				CLANG_WARN_OBJC_ROOT_CLASS = YES_ERROR;
				CLANG_WARN_UNREACHABLE_CODE = YES;
				CLANG_WARN__DUPLICATE_METHOD_MATCH = YES;
				"CODE_SIGN_IDENTITY[sdk=iphoneos*]" = "iPhone Developer";
				COPY_PHASE_STRIP = NO;
				CURRENT_PROJECT_VERSION = 1;
				DEBUG_INFORMATION_FORMAT = dwarf;
				ENABLE_STRICT_OBJC_MSGSEND = YES;
				ENABLE_TESTABILITY = YES;
				GCC_C_LANGUAGE_STANDARD = gnu99;
				GCC_DYNAMIC_NO_PIC = NO;
				GCC_NO_COMMON_BLOCKS = YES;
				GCC_OPTIMIZATION_LEVEL = 0;
				GCC_PREPROCESSOR_DEFINITIONS = (
					"DEBUG=1",
					"$(inherited)",
				);
				GCC_WARN_64_TO_32_BIT_CONVERSION = YES;
				GCC_WARN_ABOUT_RETURN_TYPE = YES_ERROR;
				GCC_WARN_UNDECLARED_SELECTOR = YES;
				GCC_WARN_UNINITIALIZED_AUTOS = YES_AGGRESSIVE;
				GCC_WARN_UNUSED_FUNCTION = YES;
				GCC_WARN_UNUSED_VARIABLE = YES;
				IPHONEOS_DEPLOYMENT_TARGET = 9.3;
				MTL_ENABLE_DEBUG_INFO = YES;
				ONLY_ACTIVE_ARCH = YES;
				SDKROOT = iphoneos;
				SWIFT_OPTIMIZATION_LEVEL = "-Onone";
				TARGETED_DEVICE_FAMILY = "1,2";
				VERSIONING_SYSTEM = "apple-generic";
				VERSION_INFO_PREFIX = "";
			};
			name = Debug;
		};
		6D2453581E02B8920087B855 /* Release */ = {
			isa = XCBuildConfiguration;
			buildSettings = {
				ALWAYS_SEARCH_USER_PATHS = NO;
				CLANG_ANALYZER_NONNULL = YES;
				CLANG_CXX_LANGUAGE_STANDARD = "gnu++0x";
				CLANG_CXX_LIBRARY = "libc++";
				CLANG_ENABLE_MODULES = YES;
				CLANG_ENABLE_OBJC_ARC = YES;
				CLANG_WARN_BOOL_CONVERSION = YES;
				CLANG_WARN_CONSTANT_CONVERSION = YES;
				CLANG_WARN_DIRECT_OBJC_ISA_USAGE = YES_ERROR;
				CLANG_WARN_EMPTY_BODY = YES;
				CLANG_WARN_ENUM_CONVERSION = YES;
				CLANG_WARN_INT_CONVERSION = YES;
				CLANG_WARN_OBJC_ROOT_CLASS = YES_ERROR;
				CLANG_WARN_UNREACHABLE_CODE = YES;
				CLANG_WARN__DUPLICATE_METHOD_MATCH = YES;
				"CODE_SIGN_IDENTITY[sdk=iphoneos*]" = "iPhone Developer";
				COPY_PHASE_STRIP = NO;
				CURRENT_PROJECT_VERSION = 1;
				DEBUG_INFORMATION_FORMAT = "dwarf-with-dsym";
				ENABLE_NS_ASSERTIONS = NO;
				ENABLE_STRICT_OBJC_MSGSEND = YES;
				GCC_C_LANGUAGE_STANDARD = gnu99;
				GCC_NO_COMMON_BLOCKS = YES;
				GCC_WARN_64_TO_32_BIT_CONVERSION = YES;
				GCC_WARN_ABOUT_RETURN_TYPE = YES_ERROR;
				GCC_WARN_UNDECLARED_SELECTOR = YES;
				GCC_WARN_UNINITIALIZED_AUTOS = YES_AGGRESSIVE;
				GCC_WARN_UNUSED_FUNCTION = YES;
				GCC_WARN_UNUSED_VARIABLE = YES;
				IPHONEOS_DEPLOYMENT_TARGET = 9.3;
				MTL_ENABLE_DEBUG_INFO = NO;
				SDKROOT = iphoneos;
				TARGETED_DEVICE_FAMILY = "1,2";
				VALIDATE_PRODUCT = YES;
				VERSIONING_SYSTEM = "apple-generic";
				VERSION_INFO_PREFIX = "";
			};
			name = Release;
		};
		6D24535A1E02B8920087B855 /* Debug */ = {
			isa = XCBuildConfiguration;
			buildSettings = {
				CLANG_ENABLE_MODULES = YES;
				DEFINES_MODULE = YES;
				DYLIB_COMPATIBILITY_VERSION = 1;
				DYLIB_CURRENT_VERSION = 1;
				DYLIB_INSTALL_NAME_BASE = "@rpath";
				INFOPLIST_FILE = iosProjectCommon/Info.plist;
				INSTALL_PATH = "$(LOCAL_LIBRARY_DIR)/Frameworks";
				LD_RUNPATH_SEARCH_PATHS = "$(inherited) @executable_path/Frameworks @loader_path/Frameworks";
				PRODUCT_BUNDLE_IDENTIFIER = com.Sphere.iosProjectCommon;
				PRODUCT_NAME = "$(TARGET_NAME)";
				SKIP_INSTALL = YES;
				SWIFT_OPTIMIZATION_LEVEL = "-Onone";
			};
			name = Debug;
		};
		6D24535B1E02B8920087B855 /* Release */ = {
			isa = XCBuildConfiguration;
			buildSettings = {
				CLANG_ENABLE_MODULES = YES;
				DEFINES_MODULE = YES;
				DYLIB_COMPATIBILITY_VERSION = 1;
				DYLIB_CURRENT_VERSION = 1;
				DYLIB_INSTALL_NAME_BASE = "@rpath";
				INFOPLIST_FILE = iosProjectCommon/Info.plist;
				INSTALL_PATH = "$(LOCAL_LIBRARY_DIR)/Frameworks";
				LD_RUNPATH_SEARCH_PATHS = "$(inherited) @executable_path/Frameworks @loader_path/Frameworks";
				PRODUCT_BUNDLE_IDENTIFIER = com.Sphere.iosProjectCommon;
				PRODUCT_NAME = "$(TARGET_NAME)";
				SKIP_INSTALL = YES;
			};
			name = Release;
		};
		6D24535D1E02B8920087B855 /* Debug */ = {
			isa = XCBuildConfiguration;
			buildSettings = {
				INFOPLIST_FILE = iosProjectCommonTests/Info.plist;
				LD_RUNPATH_SEARCH_PATHS = "$(inherited) @executable_path/Frameworks @loader_path/Frameworks";
				PRODUCT_BUNDLE_IDENTIFIER = com.Sphere.iosProjectCommonTests;
				PRODUCT_NAME = "$(TARGET_NAME)";
			};
			name = Debug;
		};
		6D24535E1E02B8920087B855 /* Release */ = {
			isa = XCBuildConfiguration;
			buildSettings = {
				INFOPLIST_FILE = iosProjectCommonTests/Info.plist;
				LD_RUNPATH_SEARCH_PATHS = "$(inherited) @executable_path/Frameworks @loader_path/Frameworks";
				PRODUCT_BUNDLE_IDENTIFIER = com.Sphere.iosProjectCommonTests;
				PRODUCT_NAME = "$(TARGET_NAME)";
			};
			name = Release;
		};
/* End XCBuildConfiguration section */

/* Begin XCConfigurationList section */
		6D24533F1E02B8910087B855 /* Build configuration list for PBXProject "iosProjectCommon" */ = {
			isa = XCConfigurationList;
			buildConfigurations = (
				6D2453571E02B8920087B855 /* Debug */,
				6D2453581E02B8920087B855 /* Release */,
			);
			defaultConfigurationIsVisible = 0;
			defaultConfigurationName = Release;
		};
		6D2453591E02B8920087B855 /* Build configuration list for PBXNativeTarget "iosProjectCommon" */ = {
			isa = XCConfigurationList;
			buildConfigurations = (
				6D24535A1E02B8920087B855 /* Debug */,
				6D24535B1E02B8920087B855 /* Release */,
			);
			defaultConfigurationIsVisible = 0;
			defaultConfigurationName = Release;
		};
		6D24535C1E02B8920087B855 /* Build configuration list for PBXNativeTarget "iosProjectCommonTests" */ = {
			isa = XCConfigurationList;
			buildConfigurations = (
				6D24535D1E02B8920087B855 /* Debug */,
				6D24535E1E02B8920087B855 /* Release */,
			);
			defaultConfigurationIsVisible = 0;
			defaultConfigurationName = Release;
		};
/* End XCConfigurationList section */
	};
	rootObject = 6D24533C1E02B8910087B855 /* Project object */;
}
